# THIS IS AN AUTOGENERATED FILE. DO NOT EDIT THIS FILE DIRECTLY.
# yarn lockfile v1


"@babel/runtime@^7.12.0", "@babel/runtime@^7.13.6", "@babel/runtime@^7.5.5":
  version "7.14.0"
  resolved "https://registry.yarnpkg.com/@babel/runtime/-/runtime-7.14.0.tgz#46794bc20b612c5f75e62dd071e24dfd95f1cbe6"
  integrity sha512-JELkvo/DlpNdJ7dlyw/eY7E0suy5i5GQH+Vlxaq1nsNJ+H7f4Vtv3jMeCEgRhZZQFXTjldYfQgv2qmM6M1v5wA==
  dependencies:
    regenerator-runtime "^0.13.4"

cross-fetch@3.1.4:
  version "3.1.4"
  resolved "https://registry.yarnpkg.com/cross-fetch/-/cross-fetch-3.1.4.tgz#9723f3a3a247bf8b89039f3a380a9244e8fa2f39"
  integrity sha512-1eAtFWdIubi6T4XPy6ei9iUFoKpUkIF971QLN8lIvvvwueI65+Nw5haMNKUwfJxabqlIIDODJKGrQ66gxC0PbQ==
  dependencies:
    node-fetch "2.6.1"

html-parse-stringify@^3.0.1:
  version "3.0.1"
  resolved "https://registry.yarnpkg.com/html-parse-stringify/-/html-parse-stringify-3.0.1.tgz#dfc1017347ce9f77c8141a507f233040c59c55d2"
  integrity sha512-KknJ50kTInJ7qIScF3jeaFRpMpE8/lfiTdzf/twXyPBLAGrLRTmkz3AdTnKeh40X8k9L2fdYwEp/42WGXIRGcg==
  dependencies:
    void-elements "3.1.0"

i18next-browser-languagedetector@^6.1.1:
  version "6.1.1"
  resolved "https://registry.yarnpkg.com/i18next-browser-languagedetector/-/i18next-browser-languagedetector-6.1.1.tgz#fc4c6606bb3f7afc331737cf7c41e50919d55542"
  integrity sha512-hckgbBdCpJPhkGUANe6tsvD52k9R7GuYskG0EaIw89pZz3owUvUEwXHqM5pX1Pn93jz+O65Y09ikwJrMkqtq2Q==
  dependencies:
    "@babel/runtime" "^7.5.5"

i18next-http-backend@^1.2.4:
  version "1.2.4"
  resolved "https://registry.yarnpkg.com/i18next-http-backend/-/i18next-http-backend-1.2.4.tgz#2be7d5e569557c22e4dd50df92425ee6c73f3296"
  integrity sha512-ewvodowF2oBP0/vVAerpVF6aaIdAqH594K/ThA4Kl2A5Gm4QvUQuakvrFV5KMaKOggykGd9MuQ4xMcTFayVF1w==
  dependencies:
    cross-fetch "3.1.4"

i18next@^20.2.4:
  version "20.2.4"
  resolved "https://registry.yarnpkg.com/i18next/-/i18next-20.2.4.tgz#972220f19dfef0075a70890d3e8b1f7cf64c5bd6"
  integrity sha512-goE1LCA/IZOGG26PkkqoOl2KWR7YP606SvokVQZ29J6QwE02KycrzNetoMUJeqYrTxs4rmiiZgZp+q8qofQL6Q==
  dependencies:
    "@babel/runtime" "^7.12.0"

node-fetch@2.6.1:
  version "2.6.1"
  resolved "https://registry.yarnpkg.com/node-fetch/-/node-fetch-2.6.1.tgz#045bd323631f76ed2e2b55573394416b639a0052"
  integrity sha512-V4aYg89jEoVRxRb2fJdAg8FHvI7cEyYdVAh94HH0UIK8oJxUfkjlDQN9RbMx+bEjP7+ggMiFRprSti032Oipxw==

react-i18next@^11.8.15:
  version "11.8.15"
  resolved "https://registry.yarnpkg.com/react-i18next/-/react-i18next-11.8.15.tgz#89450d585298f18d4a8eb1628b0868863f3a4767"
  integrity sha512-ZbKcbYYKukgDL0MiUWKJTEsEftjSTNVZv67/V+SjPqTRwuF/aL4NbUtuEcb4WjHk0HyZ1M+2wGd07Fp0RUNHKA==
  dependencies:
    "@babel/runtime" "^7.13.6"
    html-parse-stringify "^3.0.1"

regenerator-runtime@^0.13.4:
  version "0.13.7"
  resolved "https://registry.yarnpkg.com/regenerator-runtime/-/regenerator-runtime-0.13.7.tgz#cac2dacc8a1ea675feaabaeb8ae833898ae46f55"
  integrity sha512-a54FxoJDIr27pgf7IgeQGxmqUNYrcV338lf/6gH456HZ/PhX+5BcwHXG9ajESmwe6WRO0tAzRUrRmNONWgkrew==

void-elements@3.1.0:
  version "3.1.0"
  resolved "https://registry.yarnpkg.com/void-elements/-/void-elements-3.1.0.tgz#614f7fbf8d801f0bb5f0661f5b2f5785750e4f09"
  integrity sha1-YU9/v42AHwu18GYfWy9XhXUOTwk=
