# THIS IS AN AUTOGENERATED FILE. DO NOT EDIT THIS FILE DIRECTLY.
# yarn lockfile v1


"@babel/runtime@^7.12.0":
  version "7.16.7"
  resolved "https://registry.npmjs.org/@babel/runtime/-/runtime-7.16.7.tgz"
  integrity sha512-9E9FJowqAsytyOY6LG+1KuueckRL+aQW+mKvXRXnuFGyRAyepJPmEo9vgMfXUA6O9u3IeEdv9MAkppFcaQwogQ==
  dependencies:
    regenerator-runtime "^0.13.4"

"@babel/runtime@^7.14.5", "@babel/runtime@^7.14.6":
  version "7.18.6"
  resolved "https://registry.yarnpkg.com/@babel/runtime/-/runtime-7.18.6.tgz#6a1ef59f838debd670421f8c7f2cbb8da9751580"
  integrity sha512-t9wi7/AW6XtKahAe20Yw0/mMljKq0B1r2fPdvaAdV/KPDZewFXdaaa6K7lxmZBZ8FBNpCiAT6iHPmd6QO9bKfQ==
  dependencies:
    regenerator-runtime "^0.13.4"

cross-fetch@3.1.5:
  version "3.1.5"
  resolved "https://registry.yarnpkg.com/cross-fetch/-/cross-fetch-3.1.5.tgz#e1389f44d9e7ba767907f7af8454787952ab534f"
  integrity sha512-lvb1SBsI0Z7GDwmuid+mU3kWVBwTVUbe7S0H52yaaAdQOXq2YktTCZdlAcNKFzE6QtRz0snpw9bNiPeOIkkQvw==
  dependencies:
    node-fetch "2.6.7"

html-parse-stringify@^3.0.1:
  version "3.0.1"
  resolved "https://registry.yarnpkg.com/html-parse-stringify/-/html-parse-stringify-3.0.1.tgz#dfc1017347ce9f77c8141a507f233040c59c55d2"
  integrity sha512-KknJ50kTInJ7qIScF3jeaFRpMpE8/lfiTdzf/twXyPBLAGrLRTmkz3AdTnKeh40X8k9L2fdYwEp/42WGXIRGcg==
  dependencies:
    void-elements "3.1.0"

i18next-browser-languagedetector@^6.1.1:
  version "6.1.4"
  resolved "https://registry.yarnpkg.com/i18next-browser-languagedetector/-/i18next-browser-languagedetector-6.1.4.tgz#7b087c5edb6f6acd38ef54ede2160ab9cde0108f"
  integrity sha512-wukWnFeU7rKIWT66VU5i8I+3Zc4wReGcuDK2+kuFhtoxBRGWGdvYI9UQmqNL/yQH1KogWwh+xGEaIPH8V/i2Zg==
  dependencies:
    "@babel/runtime" "^7.14.6"

i18next-http-backend@^1.2.4:
  version "1.4.1"
  resolved "https://registry.yarnpkg.com/i18next-http-backend/-/i18next-http-backend-1.4.1.tgz#d8d308e7d8c5b89988446d0b83f469361e051bc0"
  integrity sha512-s4Q9hK2jS29iyhniMP82z+yYY8riGTrWbnyvsSzi5TaF7Le4E7b5deTmtuaRuab9fdDcYXtcwdBgawZG+JCEjA==
  dependencies:
    cross-fetch "3.1.5"

i18next@^20.2.4:
  version "20.6.1"
  resolved "https://registry.npmjs.org/i18next/-/i18next-20.6.1.tgz"
  integrity sha512-yCMYTMEJ9ihCwEQQ3phLo7I/Pwycf8uAx+sRHwwk5U9Aui/IZYgQRyMqXafQOw5QQ7DM1Z+WyEXWIqSuJHhG2A==
  dependencies:
    "@babel/runtime" "^7.12.0"

node-fetch@2.6.7:
  version "2.6.7"
  resolved "https://registry.yarnpkg.com/node-fetch/-/node-fetch-2.6.7.tgz#24de9fba827e3b4ae44dc8b20256a379160052ad"
  integrity sha512-ZjMPFEfVx5j+y2yF35Kzx5sF7kDzxuDj6ziH4FFbOp87zKDZNx8yExJIb05OGF4Nlt9IHFIMBkRl41VdvcNdbQ==
  dependencies:
    whatwg-url "^5.0.0"

react-i18next@^11.8.15:
  version "11.18.1"
  resolved "https://registry.yarnpkg.com/react-i18next/-/react-i18next-11.18.1.tgz#ba86ed09069e129b8623a28f2b9a03d7f105ea6f"
  integrity sha512-S8cl4mvIOSA7OQCE5jNy2yhv705Vwi+7PinpqKIYcBmX/trJtHKqrf6CL67WJSA8crr2JU+oxE9jn9DQIrQezg==
  dependencies:
    "@babel/runtime" "^7.14.5"
    html-parse-stringify "^3.0.1"

regenerator-runtime@^0.13.4:
  version "0.13.9"
  resolved "https://registry.yarnpkg.com/regenerator-runtime/-/regenerator-runtime-0.13.9.tgz#8925742a98ffd90814988d7566ad30ca3b263b52"
  integrity sha512-p3VT+cOEgxFsRRA9X4lkI1E+k2/CtnKtU4gcxyaCUreilL/vqI6CdZ3wxVUx3UOUg+gnUOQQcRI7BmSI656MYA==

tr46@~0.0.3:
  version "0.0.3"
  resolved "https://registry.yarnpkg.com/tr46/-/tr46-0.0.3.tgz#8184fd347dac9cdc185992f3a6622e14b9d9ab6a"
  integrity sha512-N3WMsuqV66lT30CrXNbEjx4GEwlow3v6rr4mCcv6prnfwhS01rkgyFdjPNBYd9br7LpXV1+Emh01fHnq2Gdgrw==

void-elements@3.1.0:
  version "3.1.0"
  resolved "https://registry.yarnpkg.com/void-elements/-/void-elements-3.1.0.tgz#614f7fbf8d801f0bb5f0661f5b2f5785750e4f09"
  integrity sha512-Dhxzh5HZuiHQhbvTW9AMetFfBHDMYpo23Uo9btPXgdYP+3T5S+p+jgNy7spra+veYhBP2dCSgxR/i2Y02h5/6w==

webidl-conversions@^3.0.0:
  version "3.0.1"
  resolved "https://registry.yarnpkg.com/webidl-conversions/-/webidl-conversions-3.0.1.tgz#24534275e2a7bc6be7bc86611cc16ae0a5654871"
  integrity sha512-2JAn3z8AR6rjK8Sm8orRC0h/bcl/DqL7tRPdGZ4I1CjdF+EaMLmYxBHyXuKL849eucPFhvBoxMsflfOb8kxaeQ==

whatwg-url@^5.0.0:
  version "5.0.0"
  resolved "https://registry.yarnpkg.com/whatwg-url/-/whatwg-url-5.0.0.tgz#966454e8765462e37644d3626f6742ce8b70965d"
  integrity sha512-saE57nupxk6v3HY35+jzBwYa0rKSy0XR8JSxZPwgLr7ys0IBzhGviA1/TUGJLmSVqs8pb9AnvICXEuOHLprYTw==
  dependencies:
    tr46 "~0.0.3"
    webidl-conversions "^3.0.0"
